
Microsoft Visual Studio Solution File, Format Version 12.00
# Visual Studio 15
VisualStudioVersion = 15.0.27428.2043
MinimumVisualStudioVersion = 10.0.40219.1
Project("{8BC9CEB8-8B4A-11D0-8D11-00A0C91BC942}") = "OJ1148", "OJ1148\OJ1148.vcxproj", "{3E1B44FA-C074-47BE-9D64-3583AB24EA56}"
EndProject
Global
	GlobalSection(SolutionConfigurationPlatforms) = preSolution
		Debug|x64 = Debug|x64
		Debug|x86 = Debug|x86
		Release|x64 = Release|x64
		Release|x86 = Release|x86
	EndGlobalSection
	GlobalSection(ProjectConfigurationPlatforms) = postSolution
		{3E1B44FA-C074-47BE-9D64-3583AB24EA56}.Debug|x64.ActiveCfg = Debug|x64
		{3E1B44FA-C074-47BE-9D64-3583AB24EA56}.Debug|x64.Build.0 = Debug|x64
		{3E1B44FA-C074-47BE-9D64-3583AB24EA56}.Debug|x86.ActiveCfg = Debug|Win32
		{3E1B44FA-C074-47BE-9D64-3583AB24EA56}.Debug|x86.Build.0 = Debug|Win32
		{3E1B44FA-C074-47BE-9D64-3583AB24EA56}.Release|x64.ActiveCfg = Release|x64
		{3E1B44FA-C074-47BE-9D64-3583AB24EA56}.Release|x64.Build.0 = Release|x64
		{3E1B44FA-C074-47BE-9D64-3583AB24EA56}.Release|x86.ActiveCfg = Release|Win32
		{3E1B44FA-C074-47BE-9D64-3583AB24EA56}.Release|x86.Build.0 = Release|Win32
	EndGlobalSection
	GlobalSection(SolutionProperties) = preSolution
		HideSolutionNode = FALSE
	EndGlobalSection
	GlobalSection(ExtensibilityGlobals) = postSolution
		SolutionGuid = {89F241F2-542A-42DC-B192-5A732E6A0A3A}
	EndGlobalSection
EndGlobal
