
Microsoft Visual Studio Solution File, Format Version 12.00
# Visual Studio 15
VisualStudioVersion = 15.0.27428.2043
MinimumVisualStudioVersion = 10.0.40219.1
Project("{8BC9CEB8-8B4A-11D0-8D11-00A0C91BC942}") = "exam", "exam\exam.vcxproj", "{FC995769-BA9E-4CD0-91CC-34A6D5CCC861}"
EndProject
Global
	GlobalSection(SolutionConfigurationPlatforms) = preSolution
		Debug|x64 = Debug|x64
		Debug|x86 = Debug|x86
		Release|x64 = Release|x64
		Release|x86 = Release|x86
	EndGlobalSection
	GlobalSection(ProjectConfigurationPlatforms) = postSolution
		{FC995769-BA9E-4CD0-91CC-34A6D5CCC861}.Debug|x64.ActiveCfg = Debug|x64
		{FC995769-BA9E-4CD0-91CC-34A6D5CCC861}.Debug|x64.Build.0 = Debug|x64
		{FC995769-BA9E-4CD0-91CC-34A6D5CCC861}.Debug|x86.ActiveCfg = Debug|Win32
		{FC995769-BA9E-4CD0-91CC-34A6D5CCC861}.Debug|x86.Build.0 = Debug|Win32
		{FC995769-BA9E-4CD0-91CC-34A6D5CCC861}.Release|x64.ActiveCfg = Release|x64
		{FC995769-BA9E-4CD0-91CC-34A6D5CCC861}.Release|x64.Build.0 = Release|x64
		{FC995769-BA9E-4CD0-91CC-34A6D5CCC861}.Release|x86.ActiveCfg = Release|Win32
		{FC995769-BA9E-4CD0-91CC-34A6D5CCC861}.Release|x86.Build.0 = Release|Win32
	EndGlobalSection
	GlobalSection(SolutionProperties) = preSolution
		HideSolutionNode = FALSE
	EndGlobalSection
	GlobalSection(ExtensibilityGlobals) = postSolution
		SolutionGuid = {5923E1FF-6B20-4730-8EDB-D4EE5AAC08A8}
	EndGlobalSection
EndGlobal
