
Microsoft Visual Studio Solution File, Format Version 12.00
# Visual Studio 15
VisualStudioVersion = 15.0.27428.2043
MinimumVisualStudioVersion = 10.0.40219.1
Project("{8BC9CEB8-8B4A-11D0-8D11-00A0C91BC942}") = "FQP_2", "FQP_2\FQP_2.vcxproj", "{E77DC0F1-B580-44A0-B4DA-9171F6143B99}"
EndProject
Global
	GlobalSection(SolutionConfigurationPlatforms) = preSolution
		Debug|x64 = Debug|x64
		Debug|x86 = Debug|x86
		Release|x64 = Release|x64
		Release|x86 = Release|x86
	EndGlobalSection
	GlobalSection(ProjectConfigurationPlatforms) = postSolution
		{E77DC0F1-B580-44A0-B4DA-9171F6143B99}.Debug|x64.ActiveCfg = Debug|x64
		{E77DC0F1-B580-44A0-B4DA-9171F6143B99}.Debug|x64.Build.0 = Debug|x64
		{E77DC0F1-B580-44A0-B4DA-9171F6143B99}.Debug|x86.ActiveCfg = Debug|Win32
		{E77DC0F1-B580-44A0-B4DA-9171F6143B99}.Debug|x86.Build.0 = Debug|Win32
		{E77DC0F1-B580-44A0-B4DA-9171F6143B99}.Release|x64.ActiveCfg = Release|x64
		{E77DC0F1-B580-44A0-B4DA-9171F6143B99}.Release|x64.Build.0 = Release|x64
		{E77DC0F1-B580-44A0-B4DA-9171F6143B99}.Release|x86.ActiveCfg = Release|Win32
		{E77DC0F1-B580-44A0-B4DA-9171F6143B99}.Release|x86.Build.0 = Release|Win32
	EndGlobalSection
	GlobalSection(SolutionProperties) = preSolution
		HideSolutionNode = FALSE
	EndGlobalSection
	GlobalSection(ExtensibilityGlobals) = postSolution
		SolutionGuid = {87CF3EE0-E5F7-40B5-8532-292A72D17D1A}
	EndGlobalSection
EndGlobal
