
Microsoft Visual Studio Solution File, Format Version 12.00
# Visual Studio 15
VisualStudioVersion = 15.0.27428.2043
MinimumVisualStudioVersion = 10.0.40219.1
Project("{8BC9CEB8-8B4A-11D0-8D11-00A0C91BC942}") = "Lecture180918", "Lecture180918\Lecture180918.vcxproj", "{DBA55D6B-8125-4D89-838F-4C2F9E0C2C40}"
EndProject
Project("{8BC9CEB8-8B4A-11D0-8D11-00A0C91BC942}") = "Vertex2", "Vertex2\Vertex2.vcxproj", "{9B89DDA5-BEEB-4A45-A46B-5ACF0EF81A8D}"
EndProject
Global
	GlobalSection(SolutionConfigurationPlatforms) = preSolution
		Debug|x64 = Debug|x64
		Debug|x86 = Debug|x86
		Release|x64 = Release|x64
		Release|x86 = Release|x86
	EndGlobalSection
	GlobalSection(ProjectConfigurationPlatforms) = postSolution
		{DBA55D6B-8125-4D89-838F-4C2F9E0C2C40}.Debug|x64.ActiveCfg = Debug|x64
		{DBA55D6B-8125-4D89-838F-4C2F9E0C2C40}.Debug|x64.Build.0 = Debug|x64
		{DBA55D6B-8125-4D89-838F-4C2F9E0C2C40}.Debug|x86.ActiveCfg = Debug|Win32
		{DBA55D6B-8125-4D89-838F-4C2F9E0C2C40}.Debug|x86.Build.0 = Debug|Win32
		{DBA55D6B-8125-4D89-838F-4C2F9E0C2C40}.Release|x64.ActiveCfg = Release|x64
		{DBA55D6B-8125-4D89-838F-4C2F9E0C2C40}.Release|x64.Build.0 = Release|x64
		{DBA55D6B-8125-4D89-838F-4C2F9E0C2C40}.Release|x86.ActiveCfg = Release|Win32
		{DBA55D6B-8125-4D89-838F-4C2F9E0C2C40}.Release|x86.Build.0 = Release|Win32
		{9B89DDA5-BEEB-4A45-A46B-5ACF0EF81A8D}.Debug|x64.ActiveCfg = Debug|x64
		{9B89DDA5-BEEB-4A45-A46B-5ACF0EF81A8D}.Debug|x64.Build.0 = Debug|x64
		{9B89DDA5-BEEB-4A45-A46B-5ACF0EF81A8D}.Debug|x86.ActiveCfg = Debug|Win32
		{9B89DDA5-BEEB-4A45-A46B-5ACF0EF81A8D}.Debug|x86.Build.0 = Debug|Win32
		{9B89DDA5-BEEB-4A45-A46B-5ACF0EF81A8D}.Release|x64.ActiveCfg = Release|x64
		{9B89DDA5-BEEB-4A45-A46B-5ACF0EF81A8D}.Release|x64.Build.0 = Release|x64
		{9B89DDA5-BEEB-4A45-A46B-5ACF0EF81A8D}.Release|x86.ActiveCfg = Release|Win32
		{9B89DDA5-BEEB-4A45-A46B-5ACF0EF81A8D}.Release|x86.Build.0 = Release|Win32
	EndGlobalSection
	GlobalSection(SolutionProperties) = preSolution
		HideSolutionNode = FALSE
	EndGlobalSection
	GlobalSection(ExtensibilityGlobals) = postSolution
		SolutionGuid = {72730A16-E7B3-45EE-BC6A-9E91690ABEB0}
	EndGlobalSection
EndGlobal
