
Microsoft Visual Studio Solution File, Format Version 12.00
# Visual Studio 15
VisualStudioVersion = 15.0.27428.2043
MinimumVisualStudioVersion = 10.0.40219.1
Project("{8BC9CEB8-8B4A-11D0-8D11-00A0C91BC942}") = "Exam_181024", "Exam_181024\Exam_181024.vcxproj", "{B1FB9152-FCEA-4CBA-B90D-0DA4314F45EF}"
EndProject
Global
	GlobalSection(SolutionConfigurationPlatforms) = preSolution
		Debug|x64 = Debug|x64
		Debug|x86 = Debug|x86
		Release|x64 = Release|x64
		Release|x86 = Release|x86
	EndGlobalSection
	GlobalSection(ProjectConfigurationPlatforms) = postSolution
		{B1FB9152-FCEA-4CBA-B90D-0DA4314F45EF}.Debug|x64.ActiveCfg = Debug|x64
		{B1FB9152-FCEA-4CBA-B90D-0DA4314F45EF}.Debug|x64.Build.0 = Debug|x64
		{B1FB9152-FCEA-4CBA-B90D-0DA4314F45EF}.Debug|x86.ActiveCfg = Debug|Win32
		{B1FB9152-FCEA-4CBA-B90D-0DA4314F45EF}.Debug|x86.Build.0 = Debug|Win32
		{B1FB9152-FCEA-4CBA-B90D-0DA4314F45EF}.Release|x64.ActiveCfg = Release|x64
		{B1FB9152-FCEA-4CBA-B90D-0DA4314F45EF}.Release|x64.Build.0 = Release|x64
		{B1FB9152-FCEA-4CBA-B90D-0DA4314F45EF}.Release|x86.ActiveCfg = Release|Win32
		{B1FB9152-FCEA-4CBA-B90D-0DA4314F45EF}.Release|x86.Build.0 = Release|Win32
	EndGlobalSection
	GlobalSection(SolutionProperties) = preSolution
		HideSolutionNode = FALSE
	EndGlobalSection
	GlobalSection(ExtensibilityGlobals) = postSolution
		SolutionGuid = {F8FBC396-704B-47AE-8E9A-54B3C6924F17}
	EndGlobalSection
EndGlobal
